
Microsoft Visual Studio Solution File, Format Version 12.00
# Visual Studio Version 17
VisualStudioVersion = 17.12.35728.132
MinimumVisualStudioVersion = 10.0.40219.1
Project("{FAE04EC0-301F-11D3-BF4B-00C04F79EFBC}") = "BusinessObject", "BusinessObject\BusinessObject.csproj", "{4F6A13BE-3C07-4755-920A-83623B9F6228}"
EndProject
Project("{FAE04EC0-301F-11D3-BF4B-00C04F79EFBC}") = "DataAccess", "DataAccess\DataAccess.csproj", "{58F7CE6C-4B43-4B84-ADE8-2561BEB78DD6}"
EndProject
Project("{FAE04EC0-301F-11D3-BF4B-00C04F79EFBC}") = "WebAPI", "WebAPI\WebAPI.csproj", "{83A5D955-1C68-4CFB-8411-F83FB2DCED0D}"
EndProject
Project("{FAE04EC0-301F-11D3-BF4B-00C04F79EFBC}") = "WebRazorFinal", "WebRazorFinal\WebRazorFinal.csproj", "{719A6977-6B60-448C-90E0-83BE40479C11}"
EndProject
Global
	GlobalSection(SolutionConfigurationPlatforms) = preSolution
		Debug|Any CPU = Debug|Any CPU
		Release|Any CPU = Release|Any CPU
	EndGlobalSection
	GlobalSection(ProjectConfigurationPlatforms) = postSolution
		{4F6A13BE-3C07-4755-920A-83623B9F6228}.Debug|Any CPU.ActiveCfg = Debug|Any CPU
		{4F6A13BE-3C07-4755-920A-83623B9F6228}.Debug|Any CPU.Build.0 = Debug|Any CPU
		{4F6A13BE-3C07-4755-920A-83623B9F6228}.Release|Any CPU.ActiveCfg = Release|Any CPU
		{4F6A13BE-3C07-4755-920A-83623B9F6228}.Release|Any CPU.Build.0 = Release|Any CPU
		{58F7CE6C-4B43-4B84-ADE8-2561BEB78DD6}.Debug|Any CPU.ActiveCfg = Debug|Any CPU
		{58F7CE6C-4B43-4B84-ADE8-2561BEB78DD6}.Debug|Any CPU.Build.0 = Debug|Any CPU
		{58F7CE6C-4B43-4B84-ADE8-2561BEB78DD6}.Release|Any CPU.ActiveCfg = Release|Any CPU
		{58F7CE6C-4B43-4B84-ADE8-2561BEB78DD6}.Release|Any CPU.Build.0 = Release|Any CPU
		{83A5D955-1C68-4CFB-8411-F83FB2DCED0D}.Debug|Any CPU.ActiveCfg = Debug|Any CPU
		{83A5D955-1C68-4CFB-8411-F83FB2DCED0D}.Debug|Any CPU.Build.0 = Debug|Any CPU
		{83A5D955-1C68-4CFB-8411-F83FB2DCED0D}.Release|Any CPU.ActiveCfg = Release|Any CPU
		{83A5D955-1C68-4CFB-8411-F83FB2DCED0D}.Release|Any CPU.Build.0 = Release|Any CPU
		{719A6977-6B60-448C-90E0-83BE40479C11}.Debug|Any CPU.ActiveCfg = Debug|Any CPU
		{719A6977-6B60-448C-90E0-83BE40479C11}.Debug|Any CPU.Build.0 = Debug|Any CPU
		{719A6977-6B60-448C-90E0-83BE40479C11}.Release|Any CPU.ActiveCfg = Release|Any CPU
		{719A6977-6B60-448C-90E0-83BE40479C11}.Release|Any CPU.Build.0 = Release|Any CPU
	EndGlobalSection
	GlobalSection(SolutionProperties) = preSolution
		HideSolutionNode = FALSE
	EndGlobalSection
EndGlobal
